
Microsoft Visual Studio Solution File, Format Version 12.00
# Visual Studio 15
VisualStudioVersion = 15.0.27703.2018
MinimumVisualStudioVersion = 10.0.40219.1
Project("{FAE04EC0-301F-11D3-BF4B-00C04F79EFBC}") = "Lesson20082019", "Lesson20082019\Lesson20082019.csproj", "{6358B8B1-F471-4FB6-B5FE-303968D88120}"
EndProject
Global
	GlobalSection(SolutionConfigurationPlatforms) = preSolution
		Debug|Any CPU = Debug|Any CPU
		Release|Any CPU = Release|Any CPU
	EndGlobalSection
	GlobalSection(ProjectConfigurationPlatforms) = postSolution
		{6358B8B1-F471-4FB6-B5FE-303968D88120}.Debug|Any CPU.ActiveCfg = Debug|Any CPU
		{6358B8B1-F471-4FB6-B5FE-303968D88120}.Debug|Any CPU.Build.0 = Debug|Any CPU
		{6358B8B1-F471-4FB6-B5FE-303968D88120}.Release|Any CPU.ActiveCfg = Release|Any CPU
		{6358B8B1-F471-4FB6-B5FE-303968D88120}.Release|Any CPU.Build.0 = Release|Any CPU
	EndGlobalSection
	GlobalSection(SolutionProperties) = preSolution
		HideSolutionNode = FALSE
	EndGlobalSection
	GlobalSection(ExtensibilityGlobals) = postSolution
		SolutionGuid = {853BB811-1064-42FB-99ED-FC54D7463A2B}
	EndGlobalSection
EndGlobal
